
Microsoft Visual Studio Solution File, Format Version 12.00
# Visual Studio Version 16
VisualStudioVersion = 16.0.30204.135
MinimumVisualStudioVersion = 10.0.40219.1
Project("{FAE04EC0-301F-11D3-BF4B-00C04F79EFBC}") = "Juego_ahorcado_prog1", "Juego_ahorcado_prog1\Juego_ahorcado_prog1.csproj", "{DBE1C695-4E14-4937-A853-A3F86F1DB770}"
EndProject
Global
	GlobalSection(SolutionConfigurationPlatforms) = preSolution
		Debug|Any CPU = Debug|Any CPU
		Release|Any CPU = Release|Any CPU
	EndGlobalSection
	GlobalSection(ProjectConfigurationPlatforms) = postSolution
		{DBE1C695-4E14-4937-A853-A3F86F1DB770}.Debug|Any CPU.ActiveCfg = Debug|Any CPU
		{DBE1C695-4E14-4937-A853-A3F86F1DB770}.Debug|Any CPU.Build.0 = Debug|Any CPU
		{DBE1C695-4E14-4937-A853-A3F86F1DB770}.Release|Any CPU.ActiveCfg = Release|Any CPU
		{DBE1C695-4E14-4937-A853-A3F86F1DB770}.Release|Any CPU.Build.0 = Release|Any CPU
	EndGlobalSection
	GlobalSection(SolutionProperties) = preSolution
		HideSolutionNode = FALSE
	EndGlobalSection
	GlobalSection(ExtensibilityGlobals) = postSolution
		SolutionGuid = {63CC6AFD-A0BA-4D60-B9C8-A6AE8CE6465E}
	EndGlobalSection
EndGlobal
